<?xml version="1.0" encoding="utf-8"?>
<Project ToolsVersion="4.0" xmlns="http://schemas.microsoft.com/developer/msbuild/2003">
  <ItemGroup>
    <Filter Include="teoccl">
      <UniqueIdentifier>{70980a3c-88e3-4caf-a928-e9ac5bd1f61f}</UniqueIdentifier>
    </Filter>
    <Filter Include="teoccl\include">
      <UniqueIdentifier>{a6a5433b-8e22-428b-b528-a0f64651e1c5}</UniqueIdentifier>
    </Filter>
    <Filter Include="teoccl\src">
      <UniqueIdentifier>{51e87e7d-7430-46b2-8b97-1039d461e869}</UniqueIdentifier>
    </Filter>
    <Filter Include="teobase">
      <UniqueIdentifier>{ec25909a-71fe-4776-8eb1-099044b25654}</UniqueIdentifier>
    </Filter>
    <Filter Include="teobase\include">
      <UniqueIdentifier>{6a659df7-a68e-454e-ae32-16ca2aa8ff45}</UniqueIdentifier>
    </Filter>
    <Filter Include="teobase\src">
      <UniqueIdentifier>{3b909c71-d31f-42bd-a34a-e73c300bee88}</UniqueIdentifier>
    </Filter>
    <Filter Include="trudp">
      <UniqueIdentifier>{e724b954-244b-442f-b774-b5e4f63f3473}</UniqueIdentifier>
    </Filter>
    <Filter Include="trudppp">
      <UniqueIdentifier>{84a88024-f6c8-49ad-86e6-13d12b2693b8}</UniqueIdentifier>
    </Filter>
    <Filter Include="trudppp\include">
      <UniqueIdentifier>{a61211eb-27c6-4aa0-a1c9-1479e2f61a32}</UniqueIdentifier>
    </Filter>
    <Filter Include="trudppp\src">
      <UniqueIdentifier>{fc447715-a078-497c-8145-f150fdc9dd6e}</UniqueIdentifier>
    </Filter>
  </ItemGroup>
  <ItemGroup>
    <ClInclude Include="..\..\libs\teoccl\include\teoccl\array_list.h">
      <Filter>teoccl\include</Filter>
    </ClInclude>
    <ClInclude Include="..\..\libs\teoccl\include\teoccl\hash.h">
      <Filter>teoccl\include</Filter>
    </ClInclude>
    <ClInclude Include="..\..\libs\teoccl\include\teoccl\map.h">
      <Filter>teoccl\include</Filter>
    </ClInclude>
    <ClInclude Include="..\..\libs\teoccl\include\teoccl\memory.h">
      <Filter>teoccl\include</Filter>
    </ClInclude>
    <ClInclude Include="..\..\libs\teoccl\include\teoccl\queue.h">
      <Filter>teoccl\include</Filter>
    </ClInclude>
    <ClInclude Include="..\..\libs\teobase\include\teobase\api.h">
      <Filter>teobase\include</Filter>
    </ClInclude>
    <ClInclude Include="..\..\libs\teobase\include\teobase\logging.h">
      <Filter>teobase\include</Filter>
    </ClInclude>
    <ClInclude Include="..\..\libs\teobase\include\teobase\mutex.h">
      <Filter>teobase\include</Filter>
    </ClInclude>
    <ClInclude Include="..\..\libs\teobase\include\teobase\platform.h">
      <Filter>teobase\include</Filter>
    </ClInclude>
    <ClInclude Include="..\..\libs\teobase\include\teobase\socket.h">
      <Filter>teobase\include</Filter>
    </ClInclude>
    <ClInclude Include="..\..\libs\teobase\include\teobase\time.h">
      <Filter>teobase\include</Filter>
    </ClInclude>
    <ClInclude Include="..\..\libs\teobase\include\teobase\windows.h">
      <Filter>teobase\include</Filter>
    </ClInclude>
    <ClInclude Include="..\..\src\packet.h">
      <Filter>trudp</Filter>
    </ClInclude>
    <ClInclude Include="..\..\src\packet_queue.h">
      <Filter>trudp</Filter>
    </ClInclude>
    <ClInclude Include="..\..\src\trudp.h">
      <Filter>trudp</Filter>
    </ClInclude>
    <ClInclude Include="..\..\src\trudp_api.h">
      <Filter>trudp</Filter>
    </ClInclude>
    <ClInclude Include="..\..\src\trudp_channel.h">
      <Filter>trudp</Filter>
    </ClInclude>
    <ClInclude Include="..\..\src\trudp_const.h">
      <Filter>trudp</Filter>
    </ClInclude>
    <ClInclude Include="..\..\src\trudp_options.h">
      <Filter>trudp</Filter>
    </ClInclude>
    <ClInclude Include="..\..\src\trudp_receive_queue.h">
      <Filter>trudp</Filter>
    </ClInclude>
    <ClInclude Include="..\..\src\trudp_send_queue.h">
      <Filter>trudp</Filter>
    </ClInclude>
    <ClInclude Include="..\..\src\trudp_stat.h">
      <Filter>trudp</Filter>
    </ClInclude>
    <ClInclude Include="..\..\src\trudp_utils.h">
      <Filter>trudp</Filter>
    </ClInclude>
    <ClInclude Include="..\..\src\udp.h">
      <Filter>trudp</Filter>
    </ClInclude>
    <ClInclude Include="..\..\src\utils.h">
      <Filter>trudp</Filter>
    </ClInclude>
    <ClInclude Include="..\..\src\utils_r.h">
      <Filter>trudp</Filter>
    </ClInclude>
    <ClInclude Include="..\..\src\write_queue.h">
      <Filter>trudp</Filter>
    </ClInclude>
    <ClInclude Include="..\..\include\trudppp\packet.hpp">
      <Filter>trudppp\include</Filter>
    </ClInclude>
    <ClInclude Include="..\..\include\trudppp\constants.hpp">
      <Filter>trudppp\include</Filter>
    </ClInclude>
    <ClInclude Include="..\..\src\trudppp\serialized_packet.hpp">
      <Filter>trudppp\src</Filter>
    </ClInclude>
    <ClInclude Include="..\..\include\trudppp\connection.hpp">
      <Filter>trudppp\include</Filter>
    </ClInclude>
    <ClInclude Include="..\..\include\trudppp\channel.hpp">
      <Filter>trudppp\include</Filter>
    </ClInclude>
    <ClInclude Include="..\..\include\trudppp\callbacks.hpp">
      <Filter>trudppp\include</Filter>
    </ClInclude>
    <ClInclude Include="..\..\include\trudppp\service.hpp">
      <Filter>trudppp\include</Filter>
    </ClInclude>
    <ClInclude Include="..\..\include\trudppp\endpoint.hpp">
      <Filter>trudppp\include</Filter>
    </ClInclude>
  </ItemGroup>
  <ItemGroup>
    <ClCompile Include="..\..\libs\teoccl\src\teoccl\array_list.c">
      <Filter>teoccl\src</Filter>
    </ClCompile>
    <ClCompile Include="..\..\libs\teoccl\src\teoccl\hash.c">
      <Filter>teoccl\src</Filter>
    </ClCompile>
    <ClCompile Include="..\..\libs\teoccl\src\teoccl\map.c">
      <Filter>teoccl\src</Filter>
    </ClCompile>
    <ClCompile Include="..\..\libs\teoccl\src\teoccl\memory.c">
      <Filter>teoccl\src</Filter>
    </ClCompile>
    <ClCompile Include="..\..\libs\teoccl\src\teoccl\queue.c">
      <Filter>teoccl\src</Filter>
    </ClCompile>
    <ClCompile Include="..\..\libs\teobase\src\teobase\logging.c">
      <Filter>teobase\src</Filter>
    </ClCompile>
    <ClCompile Include="..\..\libs\teobase\src\teobase\mutex.c">
      <Filter>teobase\src</Filter>
    </ClCompile>
    <ClCompile Include="..\..\libs\teobase\src\teobase\socket.c">
      <Filter>teobase\src</Filter>
    </ClCompile>
    <ClCompile Include="..\..\libs\teobase\src\teobase\time.c">
      <Filter>teobase\src</Filter>
    </ClCompile>
    <ClCompile Include="..\..\src\udp.cpp">
      <Filter>trudp</Filter>
    </ClCompile>
    <ClCompile Include="..\..\src\trudp_options.cpp">
      <Filter>trudp</Filter>
    </ClCompile>
    <ClCompile Include="..\..\src\trudp_channel.cpp">
      <Filter>trudp</Filter>
    </ClCompile>
    <ClCompile Include="..\..\src\packet_queue.cpp">
      <Filter>trudp</Filter>
    </ClCompile>
    <ClCompile Include="..\..\src\trudp_receive_queue.cpp">
      <Filter>trudp</Filter>
    </ClCompile>
    <ClCompile Include="..\..\src\trudp_send_queue.cpp">
      <Filter>trudp</Filter>
    </ClCompile>
    <ClCompile Include="..\..\src\trudp_stat.cpp">
      <Filter>trudp</Filter>
    </ClCompile>
    <ClCompile Include="..\..\src\trudp_utils.cpp">
      <Filter>trudp</Filter>
    </ClCompile>
    <ClCompile Include="..\..\src\write_queue.cpp">
      <Filter>trudp</Filter>
    </ClCompile>
    <ClCompile Include="..\..\src\trudp.cpp">
      <Filter>trudp</Filter>
    </ClCompile>
    <ClCompile Include="..\..\src\trudppp\packet.cpp">
      <Filter>trudppp\src</Filter>
    </ClCompile>
    <ClCompile Include="..\..\src\packet_legacy.cpp">
      <Filter>trudp</Filter>
    </ClCompile>
    <ClCompile Include="..\..\src\trudppp\serialized_packet.cpp">
      <Filter>trudppp\src</Filter>
    </ClCompile>
    <ClCompile Include="..\..\src\trudppp\connection.cpp">
      <Filter>trudppp\src</Filter>
    </ClCompile>
    <ClCompile Include="..\..\src\trudppp\channel.cpp">
      <Filter>trudppp\src</Filter>
    </ClCompile>
    <ClCompile Include="..\..\src\trudppp\callbacks.cpp">
      <Filter>trudppp\src</Filter>
    </ClCompile>
    <ClCompile Include="..\..\src\trudppp\service.cpp">
      <Filter>trudppp\src</Filter>
    </ClCompile>
  </ItemGroup>
</Project>